{
  "name": "simple-service",
  "version": "1.0.0",
  "lockfileVersion": 2,
  "requires": true,
  "packages": {
    "": {
      "name": "simple-service",
      "version": "1.0.0",
      "license": "MIT",
      "devDependencies": {
        "@digitaltoolbuilders/serverless-plugin-function-version-parameters": "file:.."
      }
    },
    "..": {
      "version": "1.1.0",
      "dev": true,
      "license": "MIT"
    },
    "node_modules/@digitaltoolbuilders/serverless-plugin-function-version-parameters": {
      "resolved": "..",
      "link": true
    }
  },
  "dependencies": {
    "@digitaltoolbuilders/serverless-plugin-function-version-parameters": {
      "version": "file:.."
    }
  }
}
